PODS:
  - FlutterMacOS (1.0.0)
  - path_provider_macos (0.0.1):
    - FlutterMacOS
  - tencent_trtc_cloud (0.0.7):
    - FlutterMacOS
    - TXLiteAVSDK_TRTC_Mac
  - TXLiteAVSDK_TRTC_Mac (8.8.10254)

DEPENDENCIES:
  - FlutterMacOS (from `Flutter/ephemeral`)
  - path_provider_macos (from `Flutter/ephemeral/.symlinks/plugins/path_provider_macos/macos`)
  - tencent_trtc_cloud (from `Flutter/ephemeral/.symlinks/plugins/tencent_trtc_cloud/macos`)

SPEC REPOS:
  trunk:
    - TXLiteAVSDK_TRTC_Mac

EXTERNAL SOURCES:
  FlutterMacOS:
    :path: Flutter/ephemeral
  path_provider_macos:
    :path: Flutter/ephemeral/.symlinks/plugins/path_provider_macos/macos
  tencent_trtc_cloud:
    :path: Flutter/ephemeral/.symlinks/plugins/tencent_trtc_cloud/macos

SPEC CHECKSUMS:
  FlutterMacOS: 57701585bf7de1b3fc2bb61f6378d73bbdea8424
  path_provider_macos: a0a3fd666cb7cd0448e936fb4abad4052961002b
  tencent_trtc_cloud: b0e65f74dde6eac3e00135cb477f43fe7184ddc3
  TXLiteAVSDK_TRTC_Mac: b7c048ae17c60f2900a824e1be8d868b076e233f

PODFILE CHECKSUM: 6eac6b3292e5142cfc23bdeb71848a40ec51c14c

COCOAPODS: 1.10.1
