PODS:
  - Flutter (1.0.0)
  - image_gallery_saver (1.5.0):
    - Flutter
  - path_provider (0.0.1):
    - Flutter
  - "permission_handler (5.1.0+2)":
    - Flutter
  - replay_kit_launcher (1.0.0):
    - Flutter
  - tencent_trtc_cloud (9.5.11234):
    - Flutter
    - TXLiteAVSDK_Live
  - TXLiteAVSDK_Live (9.5.11346):
    - TXLiteAVSDK_Live/Live (= 9.5.11346)
  - TXLiteAVSDK_Live/Live (9.5.11346)

DEPENDENCIES:
  - Flutter (from `Flutter`)
  - image_gallery_saver (from `.symlinks/plugins/image_gallery_saver/ios`)
  - path_provider (from `.symlinks/plugins/path_provider/ios`)
  - permission_handler (from `.symlinks/plugins/permission_handler/ios`)
  - replay_kit_launcher (from `.symlinks/plugins/replay_kit_launcher/ios`)
  - tencent_trtc_cloud (from `.symlinks/plugins/tencent_trtc_cloud/ios`)

SPEC REPOS:
  trunk:
    - TXLiteAVSDK_Live

EXTERNAL SOURCES:
  Flutter:
    :path: Flutter
  image_gallery_saver:
    :path: ".symlinks/plugins/image_gallery_saver/ios"
  path_provider:
    :path: ".symlinks/plugins/path_provider/ios"
  permission_handler:
    :path: ".symlinks/plugins/permission_handler/ios"
  replay_kit_launcher:
    :path: ".symlinks/plugins/replay_kit_launcher/ios"
  tencent_trtc_cloud:
    :path: ".symlinks/plugins/tencent_trtc_cloud/ios"

SPEC CHECKSUMS:
  Flutter: 50d75fe2f02b26cc09d224853bb45737f8b3214a
  image_gallery_saver: 259eab68fb271cfd57d599904f7acdc7832e7ef2
  path_provider: abfe2b5c733d04e238b0d8691db0cfd63a27a93c
  permission_handler: ccb20a9fad0ee9b1314a52b70b76b473c5f8dab0
  replay_kit_launcher: 828739da18c9785d5e9aafd4f075ea11d6b61499
  tencent_trtc_cloud: c503175ea9e5455667bca8b0f8391559efb5ab79
  TXLiteAVSDK_Live: cae30145d70254bdd35838569fcdfefd3a369aa0

PODFILE CHECKSUM: aafe91acc616949ddb318b77800a7f51bffa2a4c

COCOAPODS: 1.11.3
